
Microsoft Visual Studio Solution File, Format Version 12.00
# Visual Studio Version 17
VisualStudioVersion = 17.11.35222.181
MinimumVisualStudioVersion = 10.0.40219.1
Project("{FAE04EC0-301F-11D3-BF4B-00C04F79EFBC}") = "QuanLyNhanVien", "QuanLyNhanVien.csproj", "{D0FAC0DE-218F-437A-8FB1-F5449FE66EC3}"
EndProject
Global
	GlobalSection(SolutionConfigurationPlatforms) = preSolution
		Debug|Any CPU = Debug|Any CPU
		Release|Any CPU = Release|Any CPU
	EndGlobalSection
	GlobalSection(ProjectConfigurationPlatforms) = postSolution
		{D0FAC0DE-218F-437A-8FB1-F5449FE66EC3}.Debug|Any CPU.ActiveCfg = Debug|Any CPU
		{D0FAC0DE-218F-437A-8FB1-F5449FE66EC3}.Debug|Any CPU.Build.0 = Debug|Any CPU
		{D0FAC0DE-218F-437A-8FB1-F5449FE66EC3}.Release|Any CPU.ActiveCfg = Release|Any CPU
		{D0FAC0DE-218F-437A-8FB1-F5449FE66EC3}.Release|Any CPU.Build.0 = Release|Any CPU
	EndGlobalSection
	GlobalSection(SolutionProperties) = preSolution
		HideSolutionNode = FALSE
	EndGlobalSection
	GlobalSection(ExtensibilityGlobals) = postSolution
		SolutionGuid = {894E17D5-79E5-43AA-8AFE-28F33C932408}
	EndGlobalSection
EndGlobal
